
Microsoft Visual Studio Solution File, Format Version 12.00
# Visual Studio Version 16
VisualStudioVersion = 16.0.30413.136
MinimumVisualStudioVersion = 10.0.40219.1
Project("{2150E333-8FDC-42A3-9474-1A3956D46DE8}") = "Web", "Web", "{A2AE07E8-C18B-4129-A499-3CA73E6955CC}"
EndProject
Project("{9A19103F-16F7-4668-BE54-9A1E7A4F7556}") = "Wikifx.BlockChain.Web", "Wikifx.BlockChain.Web\Wikifx.BlockChain.Web.csproj", "{9907F310-68F9-42F5-8EB0-8763D2F63301}"
EndProject
Project("{2150E333-8FDC-42A3-9474-1A3956D46DE8}") = "Core", "Core", "{52C22196-E949-412B-B6B0-0AC03AA4180B}"
EndProject
Project("{FAE04EC0-301F-11D3-BF4B-00C04F79EFBC}") = "Wikifx.BlockChain.Core", "Wikifx.BlockChain.Core\Wikifx.BlockChain.Core.csproj", "{12F8DAE9-E5F4-42C6-8CC9-26E925AF4E1A}"
EndProject
Global
	GlobalSection(SolutionConfigurationPlatforms) = preSolution
		Debug|Any CPU = Debug|Any CPU
		Release|Any CPU = Release|Any CPU
	EndGlobalSection
	GlobalSection(ProjectConfigurationPlatforms) = postSolution
		{9907F310-68F9-42F5-8EB0-8763D2F63301}.Debug|Any CPU.ActiveCfg = Debug|Any CPU
		{9907F310-68F9-42F5-8EB0-8763D2F63301}.Debug|Any CPU.Build.0 = Debug|Any CPU
		{9907F310-68F9-42F5-8EB0-8763D2F63301}.Release|Any CPU.ActiveCfg = Release|Any CPU
		{9907F310-68F9-42F5-8EB0-8763D2F63301}.Release|Any CPU.Build.0 = Release|Any CPU
		{12F8DAE9-E5F4-42C6-8CC9-26E925AF4E1A}.Debug|Any CPU.ActiveCfg = Debug|Any CPU
		{12F8DAE9-E5F4-42C6-8CC9-26E925AF4E1A}.Debug|Any CPU.Build.0 = Debug|Any CPU
		{12F8DAE9-E5F4-42C6-8CC9-26E925AF4E1A}.Release|Any CPU.ActiveCfg = Release|Any CPU
		{12F8DAE9-E5F4-42C6-8CC9-26E925AF4E1A}.Release|Any CPU.Build.0 = Release|Any CPU
	EndGlobalSection
	GlobalSection(SolutionProperties) = preSolution
		HideSolutionNode = FALSE
	EndGlobalSection
	GlobalSection(NestedProjects) = preSolution
		{9907F310-68F9-42F5-8EB0-8763D2F63301} = {A2AE07E8-C18B-4129-A499-3CA73E6955CC}
		{12F8DAE9-E5F4-42C6-8CC9-26E925AF4E1A} = {52C22196-E949-412B-B6B0-0AC03AA4180B}
	EndGlobalSection
	GlobalSection(ExtensibilityGlobals) = postSolution
		SolutionGuid = {A325C972-0BCC-4CA3-B966-04DA44983D9B}
	EndGlobalSection
EndGlobal
